// !$*UTF8*$!
{
	archiveVersion = 1;
	classes = {
	};
	objectVersion = 56;
	objects = {

/* Begin PBXBuildFile section */
		704AA47C29E648120099C1DB /* TestTableViewController.swift in Sources */ = {isa = PBXBuildFile; fileRef = 704AA47B29E648120099C1DB /* TestTableViewController.swift */; };
		704AA47E29E653CF0099C1DB /* MVVMDemoViewController.swift in Sources */ = {isa = PBXBuildFile; fileRef = 704AA47D29E653CF0099C1DB /* MVVMDemoViewController.swift */; };
		704AA48229E654710099C1DB /* Product.swift in Sources */ = {isa = PBXBuildFile; fileRef = 704AA48129E654710099C1DB /* Product.swift */; };
		704AA48529E654A80099C1DB /* ProductViewModel.swift in Sources */ = {isa = PBXBuildFile; fileRef = 704AA48429E654A80099C1DB /* ProductViewModel.swift */; };
		704AA48729E655A20099C1DB /* MVVMDemoViewController.storyboard in Resources */ = {isa = PBXBuildFile; fileRef = 704AA48629E655A20099C1DB /* MVVMDemoViewController.storyboard */; };
		704AA48A29E656130099C1DB /* ProductTableViewCell.swift in Sources */ = {isa = PBXBuildFile; fileRef = 704AA48929E656130099C1DB /* ProductTableViewCell.swift */; };
		70CADE5E29E544E900262EF9 /* AppDelegate.swift in Sources */ = {isa = PBXBuildFile; fileRef = 70CADE5D29E544E900262EF9 /* AppDelegate.swift */; };
		70CADE6029E544E900262EF9 /* SceneDelegate.swift in Sources */ = {isa = PBXBuildFile; fileRef = 70CADE5F29E544E900262EF9 /* SceneDelegate.swift */; };
		70CADE6229E544E900262EF9 /* ViewController.swift in Sources */ = {isa = PBXBuildFile; fileRef = 70CADE6129E544E900262EF9 /* ViewController.swift */; };
		70CADE6529E544E900262EF9 /* Main.storyboard in Resources */ = {isa = PBXBuildFile; fileRef = 70CADE6329E544E900262EF9 /* Main.storyboard */; };
		70CADE6729E544EB00262EF9 /* Assets.xcassets in Resources */ = {isa = PBXBuildFile; fileRef = 70CADE6629E544EB00262EF9 /* Assets.xcassets */; };
		70CADE6A29E544EB00262EF9 /* LaunchScreen.storyboard in Resources */ = {isa = PBXBuildFile; fileRef = 70CADE6829E544EB00262EF9 /* LaunchScreen.storyboard */; };
		B4A70743F36F291887BB174D /* Pods_RxSwift_MVVM.framework in Frameworks */ = {isa = PBXBuildFile; fileRef = 8C24CF071B67A4876509A6FC /* Pods_RxSwift_MVVM.framework */; };
/* End PBXBuildFile section */

/* Begin PBXFileReference section */
		08D34496797399A9AB480016 /* Pods-RxSwift+MVVM.debug.xcconfig */ = {isa = PBXFileReference; includeInIndex = 1; lastKnownFileType = text.xcconfig; name = "Pods-RxSwift+MVVM.debug.xcconfig"; path = "Target Support Files/Pods-RxSwift+MVVM/Pods-RxSwift+MVVM.debug.xcconfig"; sourceTree = "<group>"; };
		0C85F62AD094885288F3C4DB /* Pods-RxSwift+MVVM.release.xcconfig */ = {isa = PBXFileReference; includeInIndex = 1; lastKnownFileType = text.xcconfig; name = "Pods-RxSwift+MVVM.release.xcconfig"; path = "Target Support Files/Pods-RxSwift+MVVM/Pods-RxSwift+MVVM.release.xcconfig"; sourceTree = "<group>"; };
		704AA47B29E648120099C1DB /* TestTableViewController.swift */ = {isa = PBXFileReference; lastKnownFileType = sourcecode.swift; path = TestTableViewController.swift; sourceTree = "<group>"; };
		704AA47D29E653CF0099C1DB /* MVVMDemoViewController.swift */ = {isa = PBXFileReference; lastKnownFileType = sourcecode.swift; path = MVVMDemoViewController.swift; sourceTree = "<group>"; };
		704AA48129E654710099C1DB /* Product.swift */ = {isa = PBXFileReference; lastKnownFileType = sourcecode.swift; path = Product.swift; sourceTree = "<group>"; };
		704AA48429E654A80099C1DB /* ProductViewModel.swift */ = {isa = PBXFileReference; lastKnownFileType = sourcecode.swift; path = ProductViewModel.swift; sourceTree = "<group>"; };
		704AA48629E655A20099C1DB /* MVVMDemoViewController.storyboard */ = {isa = PBXFileReference; lastKnownFileType = file.storyboard; path = MVVMDemoViewController.storyboard; sourceTree = "<group>"; };
		704AA48929E656130099C1DB /* ProductTableViewCell.swift */ = {isa = PBXFileReference; lastKnownFileType = sourcecode.swift; path = ProductTableViewCell.swift; sourceTree = "<group>"; };
		70CADE5A29E544E900262EF9 /* RxSwift+MVVM.app */ = {isa = PBXFileReference; explicitFileType = wrapper.application; includeInIndex = 0; path = "RxSwift+MVVM.app"; sourceTree = BUILT_PRODUCTS_DIR; };
		70CADE5D29E544E900262EF9 /* AppDelegate.swift */ = {isa = PBXFileReference; lastKnownFileType = sourcecode.swift; path = AppDelegate.swift; sourceTree = "<group>"; };
		70CADE5F29E544E900262EF9 /* SceneDelegate.swift */ = {isa = PBXFileReference; lastKnownFileType = sourcecode.swift; path = SceneDelegate.swift; sourceTree = "<group>"; };
		70CADE6129E544E900262EF9 /* ViewController.swift */ = {isa = PBXFileReference; lastKnownFileType = sourcecode.swift; path = ViewController.swift; sourceTree = "<group>"; };
		70CADE6429E544E900262EF9 /* Base */ = {isa = PBXFileReference; lastKnownFileType = file.storyboard; name = Base; path = Base.lproj/Main.storyboard; sourceTree = "<group>"; };
		70CADE6629E544EB00262EF9 /* Assets.xcassets */ = {isa = PBXFileReference; lastKnownFileType = folder.assetcatalog; path = Assets.xcassets; sourceTree = "<group>"; };
		70CADE6929E544EB00262EF9 /* Base */ = {isa = PBXFileReference; lastKnownFileType = file.storyboard; name = Base; path = Base.lproj/LaunchScreen.storyboard; sourceTree = "<group>"; };
		70CADE6B29E544EB00262EF9 /* Info.plist */ = {isa = PBXFileReference; lastKnownFileType = text.plist.xml; path = Info.plist; sourceTree = "<group>"; };
		70CADE7129E545BC00262EF9 /* RxCocoa.framework */ = {isa = PBXFileReference; explicitFileType = wrapper.framework; path = RxCocoa.framework; sourceTree = BUILT_PRODUCTS_DIR; };
		8C24CF071B67A4876509A6FC /* Pods_RxSwift_MVVM.framework */ = {isa = PBXFileReference; explicitFileType = wrapper.framework; includeInIndex = 0; path = Pods_RxSwift_MVVM.framework; sourceTree = BUILT_PRODUCTS_DIR; };
/* End PBXFileReference section */

/* Begin PBXFrameworksBuildPhase section */
		70CADE5729E544E900262EF9 /* Frameworks */ = {
			isa = PBXFrameworksBuildPhase;
			buildActionMask = 2147483647;
			files = (
				B4A70743F36F291887BB174D /* Pods_RxSwift_MVVM.framework in Frameworks */,
			);
			runOnlyForDeploymentPostprocessing = 0;
		};
/* End PBXFrameworksBuildPhase section */

/* Begin PBXGroup section */
		51E67D71A28EE7AD28F780C6 /* Frameworks */ = {
			isa = PBXGroup;
			children = (
				70CADE7129E545BC00262EF9 /* RxCocoa.framework */,
				8C24CF071B67A4876509A6FC /* Pods_RxSwift_MVVM.framework */,
			);
			name = Frameworks;
			sourceTree = "<group>";
		};
		5F3E2E036038EB0B37146408 /* Pods */ = {
			isa = PBXGroup;
			children = (
				08D34496797399A9AB480016 /* Pods-RxSwift+MVVM.debug.xcconfig */,
				0C85F62AD094885288F3C4DB /* Pods-RxSwift+MVVM.release.xcconfig */,
			);
			path = Pods;
			sourceTree = "<group>";
		};
		704AA47F29E654260099C1DB /* MVVMDemo */ = {
			isa = PBXGroup;
			children = (
				704AA48C29E65C6E0099C1DB /* Controller */,
				704AA48829E656000099C1DB /* View */,
				704AA48329E6549A0099C1DB /* ViewModel */,
				704AA48029E6543B0099C1DB /* Model */,
			);
			path = MVVMDemo;
			sourceTree = "<group>";
		};
		704AA48029E6543B0099C1DB /* Model */ = {
			isa = PBXGroup;
			children = (
				704AA48129E654710099C1DB /* Product.swift */,
			);
			path = Model;
			sourceTree = "<group>";
		};
		704AA48329E6549A0099C1DB /* ViewModel */ = {
			isa = PBXGroup;
			children = (
				704AA48429E654A80099C1DB /* ProductViewModel.swift */,
			);
			path = ViewModel;
			sourceTree = "<group>";
		};
		704AA48829E656000099C1DB /* View */ = {
			isa = PBXGroup;
			children = (
				704AA48929E656130099C1DB /* ProductTableViewCell.swift */,
			);
			path = View;
			sourceTree = "<group>";
		};
		704AA48C29E65C6E0099C1DB /* Controller */ = {
			isa = PBXGroup;
			children = (
				704AA47D29E653CF0099C1DB /* MVVMDemoViewController.swift */,
				704AA48629E655A20099C1DB /* MVVMDemoViewController.storyboard */,
			);
			path = Controller;
			sourceTree = "<group>";
		};
		70CADE5129E544E900262EF9 = {
			isa = PBXGroup;
			children = (
				70CADE5C29E544E900262EF9 /* RxSwift+MVVM */,
				70CADE5B29E544E900262EF9 /* Products */,
				5F3E2E036038EB0B37146408 /* Pods */,
				51E67D71A28EE7AD28F780C6 /* Frameworks */,
			);
			sourceTree = "<group>";
		};
		70CADE5B29E544E900262EF9 /* Products */ = {
			isa = PBXGroup;
			children = (
				70CADE5A29E544E900262EF9 /* RxSwift+MVVM.app */,
			);
			name = Products;
			sourceTree = "<group>";
		};
		70CADE5C29E544E900262EF9 /* RxSwift+MVVM */ = {
			isa = PBXGroup;
			children = (
				70CADE5D29E544E900262EF9 /* AppDelegate.swift */,
				70CADE5F29E544E900262EF9 /* SceneDelegate.swift */,
				70CADE6129E544E900262EF9 /* ViewController.swift */,
				704AA47B29E648120099C1DB /* TestTableViewController.swift */,
				704AA47F29E654260099C1DB /* MVVMDemo */,
				70CADE6329E544E900262EF9 /* Main.storyboard */,
				70CADE6629E544EB00262EF9 /* Assets.xcassets */,
				70CADE6829E544EB00262EF9 /* LaunchScreen.storyboard */,
				70CADE6B29E544EB00262EF9 /* Info.plist */,
			);
			path = "RxSwift+MVVM";
			sourceTree = "<group>";
		};
/* End PBXGroup section */

/* Begin PBXNativeTarget section */
		70CADE5929E544E900262EF9 /* RxSwift+MVVM */ = {
			isa = PBXNativeTarget;
			buildConfigurationList = 70CADE6E29E544EB00262EF9 /* Build configuration list for PBXNativeTarget "RxSwift+MVVM" */;
			buildPhases = (
				4BD66950BBD241C0E39BC70F /* [CP] Check Pods Manifest.lock */,
				70CADE5629E544E900262EF9 /* Sources */,
				70CADE5729E544E900262EF9 /* Frameworks */,
				70CADE5829E544E900262EF9 /* Resources */,
				759BA0F89E02305E51E81A84 /* [CP] Embed Pods Frameworks */,
			);
			buildRules = (
			);
			dependencies = (
			);
			name = "RxSwift+MVVM";
			productName = "RxSwift+MVVM";
			productReference = 70CADE5A29E544E900262EF9 /* RxSwift+MVVM.app */;
			productType = "com.apple.product-type.application";
		};
/* End PBXNativeTarget section */

/* Begin PBXProject section */
		70CADE5229E544E900262EF9 /* Project object */ = {
			isa = PBXProject;
			attributes = {
				BuildIndependentTargetsInParallel = 1;
				LastSwiftUpdateCheck = 1420;
				LastUpgradeCheck = 1420;
				TargetAttributes = {
					70CADE5929E544E900262EF9 = {
						CreatedOnToolsVersion = 14.2;
					};
				};
			};
			buildConfigurationList = 70CADE5529E544E900262EF9 /* Build configuration list for PBXProject "RxSwift+MVVM" */;
			compatibilityVersion = "Xcode 14.0";
			developmentRegion = en;
			hasScannedForEncodings = 0;
			knownRegions = (
				en,
				Base,
			);
			mainGroup = 70CADE5129E544E900262EF9;
			productRefGroup = 70CADE5B29E544E900262EF9 /* Products */;
			projectDirPath = "";
			projectRoot = "";
			targets = (
				70CADE5929E544E900262EF9 /* RxSwift+MVVM */,
			);
		};
/* End PBXProject section */

/* Begin PBXResourcesBuildPhase section */
		70CADE5829E544E900262EF9 /* Resources */ = {
			isa = PBXResourcesBuildPhase;
			buildActionMask = 2147483647;
			files = (
				70CADE6A29E544EB00262EF9 /* LaunchScreen.storyboard in Resources */,
				70CADE6729E544EB00262EF9 /* Assets.xcassets in Resources */,
				704AA48729E655A20099C1DB /* MVVMDemoViewController.storyboard in Resources */,
				70CADE6529E544E900262EF9 /* Main.storyboard in Resources */,
			);
			runOnlyForDeploymentPostprocessing = 0;
		};
/* End PBXResourcesBuildPhase section */

/* Begin PBXShellScriptBuildPhase section */
		4BD66950BBD241C0E39BC70F /* [CP] Check Pods Manifest.lock */ = {
			isa = PBXShellScriptBuildPhase;
			buildActionMask = 2147483647;
			files = (
			);
			inputFileListPaths = (
			);
			inputPaths = (
				"${PODS_PODFILE_DIR_PATH}/Podfile.lock",
				"${PODS_ROOT}/Manifest.lock",
			);
			name = "[CP] Check Pods Manifest.lock";
			outputFileListPaths = (
			);
			outputPaths = (
				"$(DERIVED_FILE_DIR)/Pods-RxSwift+MVVM-checkManifestLockResult.txt",
			);
			runOnlyForDeploymentPostprocessing = 0;
			shellPath = /bin/sh;
			shellScript = "diff \"${PODS_PODFILE_DIR_PATH}/Podfile.lock\" \"${PODS_ROOT}/Manifest.lock\" > /dev/null\nif [ $? != 0 ] ; then\n    # print error to STDERR\n    echo \"error: The sandbox is not in sync with the Podfile.lock. Run 'pod install' or update your CocoaPods installation.\" >&2\n    exit 1\nfi\n# This output is used by Xcode 'outputs' to avoid re-running this script phase.\necho \"SUCCESS\" > \"${SCRIPT_OUTPUT_FILE_0}\"\n";
			showEnvVarsInLog = 0;
		};
		759BA0F89E02305E51E81A84 /* [CP] Embed Pods Frameworks */ = {
			isa = PBXShellScriptBuildPhase;
			buildActionMask = 2147483647;
			files = (
			);
			inputFileListPaths = (
				"${PODS_ROOT}/Target Support Files/Pods-RxSwift+MVVM/Pods-RxSwift+MVVM-frameworks-${CONFIGURATION}-input-files.xcfilelist",
			);
			name = "[CP] Embed Pods Frameworks";
			outputFileListPaths = (
				"${PODS_ROOT}/Target Support Files/Pods-RxSwift+MVVM/Pods-RxSwift+MVVM-frameworks-${CONFIGURATION}-output-files.xcfilelist",
			);
			runOnlyForDeploymentPostprocessing = 0;
			shellPath = /bin/sh;
			shellScript = "\"${PODS_ROOT}/Target Support Files/Pods-RxSwift+MVVM/Pods-RxSwift+MVVM-frameworks.sh\"\n";
			showEnvVarsInLog = 0;
		};
/* End PBXShellScriptBuildPhase section */

/* Begin PBXSourcesBuildPhase section */
		70CADE5629E544E900262EF9 /* Sources */ = {
			isa = PBXSourcesBuildPhase;
			buildActionMask = 2147483647;
			files = (
				70CADE6229E544E900262EF9 /* ViewController.swift in Sources */,
				704AA48A29E656130099C1DB /* ProductTableViewCell.swift in Sources */,
				704AA47E29E653CF0099C1DB /* MVVMDemoViewController.swift in Sources */,
				704AA48529E654A80099C1DB /* ProductViewModel.swift in Sources */,
				70CADE5E29E544E900262EF9 /* AppDelegate.swift in Sources */,
				70CADE6029E544E900262EF9 /* SceneDelegate.swift in Sources */,
				704AA47C29E648120099C1DB /* TestTableViewController.swift in Sources */,
				704AA48229E654710099C1DB /* Product.swift in Sources */,
			);
			runOnlyForDeploymentPostprocessing = 0;
		};
/* End PBXSourcesBuildPhase section */

/* Begin PBXVariantGroup section */
		70CADE6329E544E900262EF9 /* Main.storyboard */ = {
			isa = PBXVariantGroup;
			children = (
				70CADE6429E544E900262EF9 /* Base */,
			);
			name = Main.storyboard;
			sourceTree = "<group>";
		};
		70CADE6829E544EB00262EF9 /* LaunchScreen.storyboard */ = {
			isa = PBXVariantGroup;
			children = (
				70CADE6929E544EB00262EF9 /* Base */,
			);
			name = LaunchScreen.storyboard;
			sourceTree = "<group>";
		};
/* End PBXVariantGroup section */

/* Begin XCBuildConfiguration section */
		70CADE6C29E544EB00262EF9 /* Debug */ = {
			isa = XCBuildConfiguration;
			buildSettings = {
				ALWAYS_SEARCH_USER_PATHS = NO;
				CLANG_ANALYZER_NONNULL = YES;
				CLANG_ANALYZER_NUMBER_OBJECT_CONVERSION = YES_AGGRESSIVE;
				CLANG_CXX_LANGUAGE_STANDARD = "gnu++20";
				CLANG_ENABLE_MODULES = YES;
				CLANG_ENABLE_OBJC_ARC = YES;
				CLANG_ENABLE_OBJC_WEAK = YES;
				CLANG_WARN_BLOCK_CAPTURE_AUTORELEASING = YES;
				CLANG_WARN_BOOL_CONVERSION = YES;
				CLANG_WARN_COMMA = YES;
				CLANG_WARN_CONSTANT_CONVERSION = YES;
				CLANG_WARN_DEPRECATED_OBJC_IMPLEMENTATIONS = YES;
				CLANG_WARN_DIRECT_OBJC_ISA_USAGE = YES_ERROR;
				CLANG_WARN_DOCUMENTATION_COMMENTS = YES;
				CLANG_WARN_EMPTY_BODY = YES;
				CLANG_WARN_ENUM_CONVERSION = YES;
				CLANG_WARN_INFINITE_RECURSION = YES;
				CLANG_WARN_INT_CONVERSION = YES;
				CLANG_WARN_NON_LITERAL_NULL_CONVERSION = YES;
				CLANG_WARN_OBJC_IMPLICIT_RETAIN_SELF = YES;
				CLANG_WARN_OBJC_LITERAL_CONVERSION = YES;
				CLANG_WARN_OBJC_ROOT_CLASS = YES_ERROR;
				CLANG_WARN_QUOTED_INCLUDE_IN_FRAMEWORK_HEADER = YES;
				CLANG_WARN_RANGE_LOOP_ANALYSIS = YES;
				CLANG_WARN_STRICT_PROTOTYPES = YES;
				CLANG_WARN_SUSPICIOUS_MOVE = YES;
				CLANG_WARN_UNGUARDED_AVAILABILITY = YES_AGGRESSIVE;
				CLANG_WARN_UNREACHABLE_CODE = YES;
				CLANG_WARN__DUPLICATE_METHOD_MATCH = YES;
				COPY_PHASE_STRIP = NO;
				DEBUG_INFORMATION_FORMAT = dwarf;
				ENABLE_STRICT_OBJC_MSGSEND = YES;
				ENABLE_TESTABILITY = YES;
				GCC_C_LANGUAGE_STANDARD = gnu11;
				GCC_DYNAMIC_NO_PIC = NO;
				GCC_NO_COMMON_BLOCKS = YES;
				GCC_OPTIMIZATION_LEVEL = 0;
				GCC_PREPROCESSOR_DEFINITIONS = (
					"DEBUG=1",
					"$(inherited)",
				);
				GCC_WARN_64_TO_32_BIT_CONVERSION = YES;
				GCC_WARN_ABOUT_RETURN_TYPE = YES_ERROR;
				GCC_WARN_UNDECLARED_SELECTOR = YES;
				GCC_WARN_UNINITIALIZED_AUTOS = YES_AGGRESSIVE;
				GCC_WARN_UNUSED_FUNCTION = YES;
				GCC_WARN_UNUSED_VARIABLE = YES;
				IPHONEOS_DEPLOYMENT_TARGET = 16.2;
				MTL_ENABLE_DEBUG_INFO = INCLUDE_SOURCE;
				MTL_FAST_MATH = YES;
				ONLY_ACTIVE_ARCH = YES;
				SDKROOT = iphoneos;
				SWIFT_ACTIVE_COMPILATION_CONDITIONS = DEBUG;
				SWIFT_OPTIMIZATION_LEVEL = "-Onone";
			};
			name = Debug;
		};
		70CADE6D29E544EB00262EF9 /* Release */ = {
			isa = XCBuildConfiguration;
			buildSettings = {
				ALWAYS_SEARCH_USER_PATHS = NO;
				CLANG_ANALYZER_NONNULL = YES;
				CLANG_ANALYZER_NUMBER_OBJECT_CONVERSION = YES_AGGRESSIVE;
				CLANG_CXX_LANGUAGE_STANDARD = "gnu++20";
				CLANG_ENABLE_MODULES = YES;
				CLANG_ENABLE_OBJC_ARC = YES;
				CLANG_ENABLE_OBJC_WEAK = YES;
				CLANG_WARN_BLOCK_CAPTURE_AUTORELEASING = YES;
				CLANG_WARN_BOOL_CONVERSION = YES;
				CLANG_WARN_COMMA = YES;
				CLANG_WARN_CONSTANT_CONVERSION = YES;
				CLANG_WARN_DEPRECATED_OBJC_IMPLEMENTATIONS = YES;
				CLANG_WARN_DIRECT_OBJC_ISA_USAGE = YES_ERROR;
				CLANG_WARN_DOCUMENTATION_COMMENTS = YES;
				CLANG_WARN_EMPTY_BODY = YES;
				CLANG_WARN_ENUM_CONVERSION = YES;
				CLANG_WARN_INFINITE_RECURSION = YES;
				CLANG_WARN_INT_CONVERSION = YES;
				CLANG_WARN_NON_LITERAL_NULL_CONVERSION = YES;
				CLANG_WARN_OBJC_IMPLICIT_RETAIN_SELF = YES;
				CLANG_WARN_OBJC_LITERAL_CONVERSION = YES;
				CLANG_WARN_OBJC_ROOT_CLASS = YES_ERROR;
				CLANG_WARN_QUOTED_INCLUDE_IN_FRAMEWORK_HEADER = YES;
				CLANG_WARN_RANGE_LOOP_ANALYSIS = YES;
				CLANG_WARN_STRICT_PROTOTYPES = YES;
				CLANG_WARN_SUSPICIOUS_MOVE = YES;
				CLANG_WARN_UNGUARDED_AVAILABILITY = YES_AGGRESSIVE;
				CLANG_WARN_UNREACHABLE_CODE = YES;
				CLANG_WARN__DUPLICATE_METHOD_MATCH = YES;
				COPY_PHASE_STRIP = NO;
				DEBUG_INFORMATION_FORMAT = "dwarf-with-dsym";
				ENABLE_NS_ASSERTIONS = NO;
				ENABLE_STRICT_OBJC_MSGSEND = YES;
				GCC_C_LANGUAGE_STANDARD = gnu11;
				GCC_NO_COMMON_BLOCKS = YES;
				GCC_WARN_64_TO_32_BIT_CONVERSION = YES;
				GCC_WARN_ABOUT_RETURN_TYPE = YES_ERROR;
				GCC_WARN_UNDECLARED_SELECTOR = YES;
				GCC_WARN_UNINITIALIZED_AUTOS = YES_AGGRESSIVE;
				GCC_WARN_UNUSED_FUNCTION = YES;
				GCC_WARN_UNUSED_VARIABLE = YES;
				IPHONEOS_DEPLOYMENT_TARGET = 16.2;
				MTL_ENABLE_DEBUG_INFO = NO;
				MTL_FAST_MATH = YES;
				SDKROOT = iphoneos;
				SWIFT_COMPILATION_MODE = wholemodule;
				SWIFT_OPTIMIZATION_LEVEL = "-O";
				VALIDATE_PRODUCT = YES;
			};
			name = Release;
		};
		70CADE6F29E544EB00262EF9 /* Debug */ = {
			isa = XCBuildConfiguration;
			baseConfigurationReference = 08D34496797399A9AB480016 /* Pods-RxSwift+MVVM.debug.xcconfig */;
			buildSettings = {
				ASSETCATALOG_COMPILER_APPICON_NAME = AppIcon;
				ASSETCATALOG_COMPILER_GLOBAL_ACCENT_COLOR_NAME = AccentColor;
				CODE_SIGN_STYLE = Automatic;
				CURRENT_PROJECT_VERSION = 1;
				DEVELOPMENT_TEAM = 6AE83KM8ZG;
				GENERATE_INFOPLIST_FILE = YES;
				INFOPLIST_FILE = "RxSwift+MVVM/Info.plist";
				INFOPLIST_KEY_UIApplicationSupportsIndirectInputEvents = YES;
				INFOPLIST_KEY_UILaunchStoryboardName = LaunchScreen;
				INFOPLIST_KEY_UIMainStoryboardFile = Main;
				INFOPLIST_KEY_UISupportedInterfaceOrientations_iPad = "UIInterfaceOrientationPortrait UIInterfaceOrientationPortraitUpsideDown UIInterfaceOrientationLandscapeLeft UIInterfaceOrientationLandscapeRight";
				INFOPLIST_KEY_UISupportedInterfaceOrientations_iPhone = "UIInterfaceOrientationPortrait UIInterfaceOrientationLandscapeLeft UIInterfaceOrientationLandscapeRight";
				LD_RUNPATH_SEARCH_PATHS = (
					"$(inherited)",
					"@executable_path/Frameworks",
				);
				MARKETING_VERSION = 1.0;
				PRODUCT_BUNDLE_IDENTIFIER = "ornn.RxSwift-MVVM";
				PRODUCT_NAME = "$(TARGET_NAME)";
				SWIFT_EMIT_LOC_STRINGS = YES;
				SWIFT_VERSION = 5.0;
				TARGETED_DEVICE_FAMILY = "1,2";
			};
			name = Debug;
		};
		70CADE7029E544EB00262EF9 /* Release */ = {
			isa = XCBuildConfiguration;
			baseConfigurationReference = 0C85F62AD094885288F3C4DB /* Pods-RxSwift+MVVM.release.xcconfig */;
			buildSettings = {
				ASSETCATALOG_COMPILER_APPICON_NAME = AppIcon;
				ASSETCATALOG_COMPILER_GLOBAL_ACCENT_COLOR_NAME = AccentColor;
				CODE_SIGN_STYLE = Automatic;
				CURRENT_PROJECT_VERSION = 1;
				DEVELOPMENT_TEAM = 6AE83KM8ZG;
				GENERATE_INFOPLIST_FILE = YES;
				INFOPLIST_FILE = "RxSwift+MVVM/Info.plist";
				INFOPLIST_KEY_UIApplicationSupportsIndirectInputEvents = YES;
				INFOPLIST_KEY_UILaunchStoryboardName = LaunchScreen;
				INFOPLIST_KEY_UIMainStoryboardFile = Main;
				INFOPLIST_KEY_UISupportedInterfaceOrientations_iPad = "UIInterfaceOrientationPortrait UIInterfaceOrientationPortraitUpsideDown UIInterfaceOrientationLandscapeLeft UIInterfaceOrientationLandscapeRight";
				INFOPLIST_KEY_UISupportedInterfaceOrientations_iPhone = "UIInterfaceOrientationPortrait UIInterfaceOrientationLandscapeLeft UIInterfaceOrientationLandscapeRight";
				LD_RUNPATH_SEARCH_PATHS = (
					"$(inherited)",
					"@executable_path/Frameworks",
				);
				MARKETING_VERSION = 1.0;
				PRODUCT_BUNDLE_IDENTIFIER = "ornn.RxSwift-MVVM";
				PRODUCT_NAME = "$(TARGET_NAME)";
				SWIFT_EMIT_LOC_STRINGS = YES;
				SWIFT_VERSION = 5.0;
				TARGETED_DEVICE_FAMILY = "1,2";
			};
			name = Release;
		};
/* End XCBuildConfiguration section */

/* Begin XCConfigurationList section */
		70CADE5529E544E900262EF9 /* Build configuration list for PBXProject "RxSwift+MVVM" */ = {
			isa = XCConfigurationList;
			buildConfigurations = (
				70CADE6C29E544EB00262EF9 /* Debug */,
				70CADE6D29E544EB00262EF9 /* Release */,
			);
			defaultConfigurationIsVisible = 0;
			defaultConfigurationName = Release;
		};
		70CADE6E29E544EB00262EF9 /* Build configuration list for PBXNativeTarget "RxSwift+MVVM" */ = {
			isa = XCConfigurationList;
			buildConfigurations = (
				70CADE6F29E544EB00262EF9 /* Debug */,
				70CADE7029E544EB00262EF9 /* Release */,
			);
			defaultConfigurationIsVisible = 0;
			defaultConfigurationName = Release;
		};
/* End XCConfigurationList section */
	};
	rootObject = 70CADE5229E544E900262EF9 /* Project object */;
}
